
Microsoft Visual Studio Solution File, Format Version 12.00
# Visual Studio 14
VisualStudioVersion = 14.0.25420.1
MinimumVisualStudioVersion = 10.0.40219.1
Project("{FAE04EC0-301F-11D3-BF4B-00C04F79EFBC}") = "Models", "Models\Models.csproj", "{20F8978B-B692-4ECD-A4C0-04A5ECC5E702}"
EndProject
Project("{FAE04EC0-301F-11D3-BF4B-00C04F79EFBC}") = "Interfaces", "Interfaces\Interfaces.csproj", "{B41D2EC0-C1AF-4FC7-B782-087991B2B862}"
EndProject
Project("{FAE04EC0-301F-11D3-BF4B-00C04F79EFBC}") = "Repositories", "Repositories\Repositories.csproj", "{DBD2EBFB-886C-47D1-8274-52A8DD1945D2}"
EndProject
Project("{FAE04EC0-301F-11D3-BF4B-00C04F79EFBC}") = "RepositoriesTests", "RepositoriesTests\RepositoriesTests.csproj", "{8E13ED2A-B4A1-48CB-A164-35B7A054B958}"
EndProject
Project("{2150E333-8FDC-42A3-9474-1A3956D46DE8}") = "Zad1_i_Zad2", "Zad1_i_Zad2", "{340162E5-323D-48A9-A694-F5CE45A8FA58}"
EndProject
Project("{FAE04EC0-301F-11D3-BF4B-00C04F79EFBC}") = "TreciZad", "TreciZad\TreciZad.csproj", "{1F614202-65C5-4BA5-A84E-37E17AADD44D}"
EndProject
Project("{2150E333-8FDC-42A3-9474-1A3956D46DE8}") = "Zad3_i_Zad4_i_Zad5", "Zad3_i_Zad4_i_Zad5", "{D730ED16-43DF-4C17-8079-0100B0CB5278}"
EndProject
Project("{FAE04EC0-301F-11D3-BF4B-00C04F79EFBC}") = "CetvrtiZad", "CetvrtiZad\CetvrtiZad.csproj", "{6A8C2F3A-F39D-4661-93D4-9224BBF6DA14}"
EndProject
Project("{FAE04EC0-301F-11D3-BF4B-00C04F79EFBC}") = "PetiZad", "PetiZad\PetiZad.csproj", "{DA971D9E-E1D8-4F12-A9D8-BD56F8286840}"
EndProject
Project("{2150E333-8FDC-42A3-9474-1A3956D46DE8}") = "Zad6", "Zad6", "{552CE6DA-EF84-4DF0-B169-CFAB2DC02469}"
EndProject
Project("{FAE04EC0-301F-11D3-BF4B-00C04F79EFBC}") = "SestiZad", "SestiZad\SestiZad.csproj", "{04467CED-7822-48F5-9C68-923017DC37D2}"
EndProject
Project("{2150E333-8FDC-42A3-9474-1A3956D46DE8}") = "Zad7_i_Zad8", "Zad7_i_Zad8", "{E1261E70-DA64-4D13-8D7F-B68257AFFA0C}"
EndProject
Project("{FAE04EC0-301F-11D3-BF4B-00C04F79EFBC}") = "Zadatak_7_i_8", "Zadatak_7_i_8\Zadatak_7_i_8.csproj", "{22EC88DC-0D89-4D97-AF31-93ECFA3885A3}"
EndProject
Project("{FAE04EC0-301F-11D3-BF4B-00C04F79EFBC}") = "GenericListAndEnumerator", "GenericListAndEnumerator\GenericListAndEnumerator\GenericListAndEnumerator.csproj", "{341A2E8D-3AFB-4F3D-826A-346E6666DEFA}"
EndProject
Global
	GlobalSection(SolutionConfigurationPlatforms) = preSolution
		Debug|Any CPU = Debug|Any CPU
		Release|Any CPU = Release|Any CPU
	EndGlobalSection
	GlobalSection(ProjectConfigurationPlatforms) = postSolution
		{20F8978B-B692-4ECD-A4C0-04A5ECC5E702}.Debug|Any CPU.ActiveCfg = Debug|Any CPU
		{20F8978B-B692-4ECD-A4C0-04A5ECC5E702}.Debug|Any CPU.Build.0 = Debug|Any CPU
		{20F8978B-B692-4ECD-A4C0-04A5ECC5E702}.Release|Any CPU.ActiveCfg = Release|Any CPU
		{20F8978B-B692-4ECD-A4C0-04A5ECC5E702}.Release|Any CPU.Build.0 = Release|Any CPU
		{B41D2EC0-C1AF-4FC7-B782-087991B2B862}.Debug|Any CPU.ActiveCfg = Debug|Any CPU
		{B41D2EC0-C1AF-4FC7-B782-087991B2B862}.Debug|Any CPU.Build.0 = Debug|Any CPU
		{B41D2EC0-C1AF-4FC7-B782-087991B2B862}.Release|Any CPU.ActiveCfg = Release|Any CPU
		{B41D2EC0-C1AF-4FC7-B782-087991B2B862}.Release|Any CPU.Build.0 = Release|Any CPU
		{DBD2EBFB-886C-47D1-8274-52A8DD1945D2}.Debug|Any CPU.ActiveCfg = Debug|Any CPU
		{DBD2EBFB-886C-47D1-8274-52A8DD1945D2}.Debug|Any CPU.Build.0 = Debug|Any CPU
		{DBD2EBFB-886C-47D1-8274-52A8DD1945D2}.Release|Any CPU.ActiveCfg = Release|Any CPU
		{DBD2EBFB-886C-47D1-8274-52A8DD1945D2}.Release|Any CPU.Build.0 = Release|Any CPU
		{8E13ED2A-B4A1-48CB-A164-35B7A054B958}.Debug|Any CPU.ActiveCfg = Debug|Any CPU
		{8E13ED2A-B4A1-48CB-A164-35B7A054B958}.Debug|Any CPU.Build.0 = Debug|Any CPU
		{8E13ED2A-B4A1-48CB-A164-35B7A054B958}.Release|Any CPU.ActiveCfg = Release|Any CPU
		{8E13ED2A-B4A1-48CB-A164-35B7A054B958}.Release|Any CPU.Build.0 = Release|Any CPU
		{1F614202-65C5-4BA5-A84E-37E17AADD44D}.Debug|Any CPU.ActiveCfg = Debug|Any CPU
		{1F614202-65C5-4BA5-A84E-37E17AADD44D}.Debug|Any CPU.Build.0 = Debug|Any CPU
		{1F614202-65C5-4BA5-A84E-37E17AADD44D}.Release|Any CPU.ActiveCfg = Release|Any CPU
		{1F614202-65C5-4BA5-A84E-37E17AADD44D}.Release|Any CPU.Build.0 = Release|Any CPU
		{6A8C2F3A-F39D-4661-93D4-9224BBF6DA14}.Debug|Any CPU.ActiveCfg = Debug|Any CPU
		{6A8C2F3A-F39D-4661-93D4-9224BBF6DA14}.Debug|Any CPU.Build.0 = Debug|Any CPU
		{6A8C2F3A-F39D-4661-93D4-9224BBF6DA14}.Release|Any CPU.ActiveCfg = Release|Any CPU
		{6A8C2F3A-F39D-4661-93D4-9224BBF6DA14}.Release|Any CPU.Build.0 = Release|Any CPU
		{DA971D9E-E1D8-4F12-A9D8-BD56F8286840}.Debug|Any CPU.ActiveCfg = Debug|Any CPU
		{DA971D9E-E1D8-4F12-A9D8-BD56F8286840}.Debug|Any CPU.Build.0 = Debug|Any CPU
		{DA971D9E-E1D8-4F12-A9D8-BD56F8286840}.Release|Any CPU.ActiveCfg = Release|Any CPU
		{DA971D9E-E1D8-4F12-A9D8-BD56F8286840}.Release|Any CPU.Build.0 = Release|Any CPU
		{04467CED-7822-48F5-9C68-923017DC37D2}.Debug|Any CPU.ActiveCfg = Debug|Any CPU
		{04467CED-7822-48F5-9C68-923017DC37D2}.Debug|Any CPU.Build.0 = Debug|Any CPU
		{04467CED-7822-48F5-9C68-923017DC37D2}.Release|Any CPU.ActiveCfg = Release|Any CPU
		{04467CED-7822-48F5-9C68-923017DC37D2}.Release|Any CPU.Build.0 = Release|Any CPU
		{22EC88DC-0D89-4D97-AF31-93ECFA3885A3}.Debug|Any CPU.ActiveCfg = Debug|Any CPU
		{22EC88DC-0D89-4D97-AF31-93ECFA3885A3}.Debug|Any CPU.Build.0 = Debug|Any CPU
		{22EC88DC-0D89-4D97-AF31-93ECFA3885A3}.Release|Any CPU.ActiveCfg = Release|Any CPU
		{22EC88DC-0D89-4D97-AF31-93ECFA3885A3}.Release|Any CPU.Build.0 = Release|Any CPU
		{341A2E8D-3AFB-4F3D-826A-346E6666DEFA}.Debug|Any CPU.ActiveCfg = Debug|Any CPU
		{341A2E8D-3AFB-4F3D-826A-346E6666DEFA}.Debug|Any CPU.Build.0 = Debug|Any CPU
		{341A2E8D-3AFB-4F3D-826A-346E6666DEFA}.Release|Any CPU.ActiveCfg = Release|Any CPU
		{341A2E8D-3AFB-4F3D-826A-346E6666DEFA}.Release|Any CPU.Build.0 = Release|Any CPU
	EndGlobalSection
	GlobalSection(SolutionProperties) = preSolution
		HideSolutionNode = FALSE
	EndGlobalSection
	GlobalSection(NestedProjects) = preSolution
		{20F8978B-B692-4ECD-A4C0-04A5ECC5E702} = {340162E5-323D-48A9-A694-F5CE45A8FA58}
		{B41D2EC0-C1AF-4FC7-B782-087991B2B862} = {340162E5-323D-48A9-A694-F5CE45A8FA58}
		{DBD2EBFB-886C-47D1-8274-52A8DD1945D2} = {340162E5-323D-48A9-A694-F5CE45A8FA58}
		{8E13ED2A-B4A1-48CB-A164-35B7A054B958} = {340162E5-323D-48A9-A694-F5CE45A8FA58}
		{1F614202-65C5-4BA5-A84E-37E17AADD44D} = {D730ED16-43DF-4C17-8079-0100B0CB5278}
		{6A8C2F3A-F39D-4661-93D4-9224BBF6DA14} = {D730ED16-43DF-4C17-8079-0100B0CB5278}
		{DA971D9E-E1D8-4F12-A9D8-BD56F8286840} = {D730ED16-43DF-4C17-8079-0100B0CB5278}
		{04467CED-7822-48F5-9C68-923017DC37D2} = {552CE6DA-EF84-4DF0-B169-CFAB2DC02469}
		{22EC88DC-0D89-4D97-AF31-93ECFA3885A3} = {E1261E70-DA64-4D13-8D7F-B68257AFFA0C}
		{341A2E8D-3AFB-4F3D-826A-346E6666DEFA} = {340162E5-323D-48A9-A694-F5CE45A8FA58}
	EndGlobalSection
EndGlobal
